
Microsoft Visual Studio Solution File, Format Version 12.00
# Visual Studio Version 16
VisualStudioVersion = 16.0.808.4
MinimumVisualStudioVersion = 10.0.40219.1
Project("{FAE04EC0-301F-11D3-BF4B-00C04F79EFBC}") = "TestConsoleApplication", "TestConsoleApplication\TestConsoleApplication.csproj", "{C4818B3F-34AC-478A-8BAB-3E7052DD2DDA}"
EndProject
Global
	GlobalSection(SolutionConfigurationPlatforms) = preSolution
		Debug|Any CPU = Debug|Any CPU
		Release|Any CPU = Release|Any CPU
	EndGlobalSection
	GlobalSection(ProjectConfigurationPlatforms) = postSolution
		{C4818B3F-34AC-478A-8BAB-3E7052DD2DDA}.Debug|Any CPU.ActiveCfg = Debug|Any CPU
		{C4818B3F-34AC-478A-8BAB-3E7052DD2DDA}.Debug|Any CPU.Build.0 = Debug|Any CPU
		{C4818B3F-34AC-478A-8BAB-3E7052DD2DDA}.Release|Any CPU.ActiveCfg = Release|Any CPU
		{C4818B3F-34AC-478A-8BAB-3E7052DD2DDA}.Release|Any CPU.Build.0 = Release|Any CPU
	EndGlobalSection
	GlobalSection(SolutionProperties) = preSolution
		HideSolutionNode = FALSE
	EndGlobalSection
	GlobalSection(ExtensibilityGlobals) = postSolution
		SolutionGuid = {2AA29FF6-CAA8-475C-8D2A-EB5012EAE1B2}
	EndGlobalSection
EndGlobal
